PODS:
  - SQLite.swift (0.11.2):
    - SQLite.swift/standard (= 0.11.2)
  - SQLite.swift/standard (0.11.2)

DEPENDENCIES:
  - SQLite.swift (~> 0.11.2)

SPEC CHECKSUMS:
  SQLite.swift: 670c3e9e0a806bbfd56a3de5d530768dc0e6fe7c

PODFILE CHECKSUM: 5dbf3b4d2fca957e4820990b6d9a41f1eb9e1044

COCOAPODS: 1.2.0.rc.1
